// !$*UTF8*$!
{
	archiveVersion = 1;
	classes = {
	};
	objectVersion = 55;
	objects = {

/* Begin PBXBuildFile section */
		1254A4922772A15800C358FE /* InstagramDemoApp.swift in Sources */ = {isa = PBXBuildFile; fileRef = 1254A4912772A15800C358FE /* InstagramDemoApp.swift */; };
		1254A4942772A15800C358FE /* ContentView.swift in Sources */ = {isa = PBXBuildFile; fileRef = 1254A4932772A15800C358FE /* ContentView.swift */; };
		1254A4962772A15B00C358FE /* Assets.xcassets in Resources */ = {isa = PBXBuildFile; fileRef = 1254A4952772A15B00C358FE /* Assets.xcassets */; };
		1254A4992772A15B00C358FE /* Preview Assets.xcassets in Resources */ = {isa = PBXBuildFile; fileRef = 1254A4982772A15B00C358FE /* Preview Assets.xcassets */; };
		1254A4A12772AAC200C358FE /* Story.swift in Sources */ = {isa = PBXBuildFile; fileRef = 1254A4A02772AAC200C358FE /* Story.swift */; };
		1254A4A52772AB2D00C358FE /* StoryList.swift in Sources */ = {isa = PBXBuildFile; fileRef = 1254A4A42772AB2D00C358FE /* StoryList.swift */; };
		1254A4A72772AB5D00C358FE /* Header.swift in Sources */ = {isa = PBXBuildFile; fileRef = 1254A4A62772AB5D00C358FE /* Header.swift */; };
		1254A4A92772ABBD00C358FE /* Post.swift in Sources */ = {isa = PBXBuildFile; fileRef = 1254A4A82772ABBD00C358FE /* Post.swift */; };
		1254A4AB2772AC7400C358FE /* PostHeader.swift in Sources */ = {isa = PBXBuildFile; fileRef = 1254A4AA2772AC7400C358FE /* PostHeader.swift */; };
/* End PBXBuildFile section */

/* Begin PBXFileReference section */
		1254A48E2772A15800C358FE /* InstagramDemo.app */ = {isa = PBXFileReference; explicitFileType = wrapper.application; includeInIndex = 0; path = InstagramDemo.app; sourceTree = BUILT_PRODUCTS_DIR; };
		1254A4912772A15800C358FE /* InstagramDemoApp.swift */ = {isa = PBXFileReference; lastKnownFileType = sourcecode.swift; path = InstagramDemoApp.swift; sourceTree = "<group>"; };
		1254A4932772A15800C358FE /* ContentView.swift */ = {isa = PBXFileReference; lastKnownFileType = sourcecode.swift; path = ContentView.swift; sourceTree = "<group>"; };
		1254A4952772A15B00C358FE /* Assets.xcassets */ = {isa = PBXFileReference; lastKnownFileType = folder.assetcatalog; path = Assets.xcassets; sourceTree = "<group>"; };
		1254A4982772A15B00C358FE /* Preview Assets.xcassets */ = {isa = PBXFileReference; lastKnownFileType = folder.assetcatalog; path = "Preview Assets.xcassets"; sourceTree = "<group>"; };
		1254A4A02772AAC200C358FE /* Story.swift */ = {isa = PBXFileReference; lastKnownFileType = sourcecode.swift; path = Story.swift; sourceTree = "<group>"; };
		1254A4A42772AB2D00C358FE /* StoryList.swift */ = {isa = PBXFileReference; lastKnownFileType = sourcecode.swift; path = StoryList.swift; sourceTree = "<group>"; };
		1254A4A62772AB5D00C358FE /* Header.swift */ = {isa = PBXFileReference; lastKnownFileType = sourcecode.swift; path = Header.swift; sourceTree = "<group>"; };
		1254A4A82772ABBD00C358FE /* Post.swift */ = {isa = PBXFileReference; lastKnownFileType = sourcecode.swift; path = Post.swift; sourceTree = "<group>"; };
		1254A4AA2772AC7400C358FE /* PostHeader.swift */ = {isa = PBXFileReference; lastKnownFileType = sourcecode.swift; path = PostHeader.swift; sourceTree = "<group>"; };
/* End PBXFileReference section */

/* Begin PBXFrameworksBuildPhase section */
		1254A48B2772A15800C358FE /* Frameworks */ = {
			isa = PBXFrameworksBuildPhase;
			buildActionMask = 2147483647;
			files = (
			);
			runOnlyForDeploymentPostprocessing = 0;
		};
/* End PBXFrameworksBuildPhase section */

/* Begin PBXGroup section */
		1254A4852772A15800C358FE = {
			isa = PBXGroup;
			children = (
				1254A4902772A15800C358FE /* InstagramDemo */,
				1254A48F2772A15800C358FE /* Products */,
			);
			sourceTree = "<group>";
		};
		1254A48F2772A15800C358FE /* Products */ = {
			isa = PBXGroup;
			children = (
				1254A48E2772A15800C358FE /* InstagramDemo.app */,
			);
			name = Products;
			sourceTree = "<group>";
		};
		1254A4902772A15800C358FE /* InstagramDemo */ = {
			isa = PBXGroup;
			children = (
				1254A49F2772AAAB00C358FE /* Components */,
				1254A4912772A15800C358FE /* InstagramDemoApp.swift */,
				1254A4932772A15800C358FE /* ContentView.swift */,
				1254A4952772A15B00C358FE /* Assets.xcassets */,
				1254A4972772A15B00C358FE /* Preview Content */,
			);
			path = InstagramDemo;
			sourceTree = "<group>";
		};
		1254A4972772A15B00C358FE /* Preview Content */ = {
			isa = PBXGroup;
			children = (
				1254A4982772A15B00C358FE /* Preview Assets.xcassets */,
			);
			path = "Preview Content";
			sourceTree = "<group>";
		};
		1254A49F2772AAAB00C358FE /* Components */ = {
			isa = PBXGroup;
			children = (
				1254A4A02772AAC200C358FE /* Story.swift */,
				1254A4A42772AB2D00C358FE /* StoryList.swift */,
				1254A4A62772AB5D00C358FE /* Header.swift */,
				1254A4A82772ABBD00C358FE /* Post.swift */,
				1254A4AA2772AC7400C358FE /* PostHeader.swift */,
			);
			path = Components;
			sourceTree = "<group>";
		};
/* End PBXGroup section */

/* Begin PBXNativeTarget section */
		1254A48D2772A15800C358FE /* InstagramDemo */ = {
			isa = PBXNativeTarget;
			buildConfigurationList = 1254A49C2772A15B00C358FE /* Build configuration list for PBXNativeTarget "InstagramDemo" */;
			buildPhases = (
				1254A48A2772A15800C358FE /* Sources */,
				1254A48B2772A15800C358FE /* Frameworks */,
				1254A48C2772A15800C358FE /* Resources */,
			);
			buildRules = (
			);
			dependencies = (
			);
			name = InstagramDemo;
			productName = InstagramDemo;
			productReference = 1254A48E2772A15800C358FE /* InstagramDemo.app */;
			productType = "com.apple.product-type.application";
		};
/* End PBXNativeTarget section */

/* Begin PBXProject section */
		1254A4862772A15800C358FE /* Project object */ = {
			isa = PBXProject;
			attributes = {
				BuildIndependentTargetsInParallel = 1;
				LastSwiftUpdateCheck = 1310;
				LastUpgradeCheck = 1310;
				TargetAttributes = {
					1254A48D2772A15800C358FE = {
						CreatedOnToolsVersion = 13.1;
					};
				};
			};
			buildConfigurationList = 1254A4892772A15800C358FE /* Build configuration list for PBXProject "InstagramDemo" */;
			compatibilityVersion = "Xcode 13.0";
			developmentRegion = en;
			hasScannedForEncodings = 0;
			knownRegions = (
				en,
				Base,
			);
			mainGroup = 1254A4852772A15800C358FE;
			productRefGroup = 1254A48F2772A15800C358FE /* Products */;
			projectDirPath = "";
			projectRoot = "";
			targets = (
				1254A48D2772A15800C358FE /* InstagramDemo */,
			);
		};
/* End PBXProject section */

/* Begin PBXResourcesBuildPhase section */
		1254A48C2772A15800C358FE /* Resources */ = {
			isa = PBXResourcesBuildPhase;
			buildActionMask = 2147483647;
			files = (
				1254A4992772A15B00C358FE /* Preview Assets.xcassets in Resources */,
				1254A4962772A15B00C358FE /* Assets.xcassets in Resources */,
			);
			runOnlyForDeploymentPostprocessing = 0;
		};
/* End PBXResourcesBuildPhase section */

/* Begin PBXSourcesBuildPhase section */
		1254A48A2772A15800C358FE /* Sources */ = {
			isa = PBXSourcesBuildPhase;
			buildActionMask = 2147483647;
			files = (
				1254A4A72772AB5D00C358FE /* Header.swift in Sources */,
				1254A4942772A15800C358FE /* ContentView.swift in Sources */,
				1254A4922772A15800C358FE /* InstagramDemoApp.swift in Sources */,
				1254A4A92772ABBD00C358FE /* Post.swift in Sources */,
				1254A4A12772AAC200C358FE /* Story.swift in Sources */,
				1254A4AB2772AC7400C358FE /* PostHeader.swift in Sources */,
				1254A4A52772AB2D00C358FE /* StoryList.swift in Sources */,
			);
			runOnlyForDeploymentPostprocessing = 0;
		};
/* End PBXSourcesBuildPhase section */

/* Begin XCBuildConfiguration section */
		1254A49A2772A15B00C358FE /* Debug */ = {
			isa = XCBuildConfiguration;
			buildSettings = {
				ALWAYS_SEARCH_USER_PATHS = NO;
				CLANG_ANALYZER_NONNULL = YES;
				CLANG_ANALYZER_NUMBER_OBJECT_CONVERSION = YES_AGGRESSIVE;
				CLANG_CXX_LANGUAGE_STANDARD = "gnu++17";
				CLANG_CXX_LIBRARY = "libc++";
				CLANG_ENABLE_MODULES = YES;
				CLANG_ENABLE_OBJC_ARC = YES;
				CLANG_ENABLE_OBJC_WEAK = YES;
				CLANG_WARN_BLOCK_CAPTURE_AUTORELEASING = YES;
				CLANG_WARN_BOOL_CONVERSION = YES;
				CLANG_WARN_COMMA = YES;
				CLANG_WARN_CONSTANT_CONVERSION = YES;
				CLANG_WARN_DEPRECATED_OBJC_IMPLEMENTATIONS = YES;
				CLANG_WARN_DIRECT_OBJC_ISA_USAGE = YES_ERROR;
				CLANG_WARN_DOCUMENTATION_COMMENTS = YES;
				CLANG_WARN_EMPTY_BODY = YES;
				CLANG_WARN_ENUM_CONVERSION = YES;
				CLANG_WARN_INFINITE_RECURSION = YES;
				CLANG_WARN_INT_CONVERSION = YES;
				CLANG_WARN_NON_LITERAL_NULL_CONVERSION = YES;
				CLANG_WARN_OBJC_IMPLICIT_RETAIN_SELF = YES;
				CLANG_WARN_OBJC_LITERAL_CONVERSION = YES;
				CLANG_WARN_OBJC_ROOT_CLASS = YES_ERROR;
				CLANG_WARN_QUOTED_INCLUDE_IN_FRAMEWORK_HEADER = YES;
				CLANG_WARN_RANGE_LOOP_ANALYSIS = YES;
				CLANG_WARN_STRICT_PROTOTYPES = YES;
				CLANG_WARN_SUSPICIOUS_MOVE = YES;
				CLANG_WARN_UNGUARDED_AVAILABILITY = YES_AGGRESSIVE;
				CLANG_WARN_UNREACHABLE_CODE = YES;
				CLANG_WARN__DUPLICATE_METHOD_MATCH = YES;
				COPY_PHASE_STRIP = NO;
				DEBUG_INFORMATION_FORMAT = dwarf;
				ENABLE_STRICT_OBJC_MSGSEND = YES;
				ENABLE_TESTABILITY = YES;
				GCC_C_LANGUAGE_STANDARD = gnu11;
				GCC_DYNAMIC_NO_PIC = NO;
				GCC_NO_COMMON_BLOCKS = YES;
				GCC_OPTIMIZATION_LEVEL = 0;
				GCC_PREPROCESSOR_DEFINITIONS = (
					"DEBUG=1",
					"$(inherited)",
				);
				GCC_WARN_64_TO_32_BIT_CONVERSION = YES;
				GCC_WARN_ABOUT_RETURN_TYPE = YES_ERROR;
				GCC_WARN_UNDECLARED_SELECTOR = YES;
				GCC_WARN_UNINITIALIZED_AUTOS = YES_AGGRESSIVE;
				GCC_WARN_UNUSED_FUNCTION = YES;
				GCC_WARN_UNUSED_VARIABLE = YES;
				IPHONEOS_DEPLOYMENT_TARGET = 15.0;
				MTL_ENABLE_DEBUG_INFO = INCLUDE_SOURCE;
				MTL_FAST_MATH = YES;
				ONLY_ACTIVE_ARCH = YES;
				SDKROOT = iphoneos;
				SWIFT_ACTIVE_COMPILATION_CONDITIONS = DEBUG;
				SWIFT_OPTIMIZATION_LEVEL = "-Onone";
			};
			name = Debug;
		};
		1254A49B2772A15B00C358FE /* Release */ = {
			isa = XCBuildConfiguration;
			buildSettings = {
				ALWAYS_SEARCH_USER_PATHS = NO;
				CLANG_ANALYZER_NONNULL = YES;
				CLANG_ANALYZER_NUMBER_OBJECT_CONVERSION = YES_AGGRESSIVE;
				CLANG_CXX_LANGUAGE_STANDARD = "gnu++17";
				CLANG_CXX_LIBRARY = "libc++";
				CLANG_ENABLE_MODULES = YES;
				CLANG_ENABLE_OBJC_ARC = YES;
				CLANG_ENABLE_OBJC_WEAK = YES;
				CLANG_WARN_BLOCK_CAPTURE_AUTORELEASING = YES;
				CLANG_WARN_BOOL_CONVERSION = YES;
				CLANG_WARN_COMMA = YES;
				CLANG_WARN_CONSTANT_CONVERSION = YES;
				CLANG_WARN_DEPRECATED_OBJC_IMPLEMENTATIONS = YES;
				CLANG_WARN_DIRECT_OBJC_ISA_USAGE = YES_ERROR;
				CLANG_WARN_DOCUMENTATION_COMMENTS = YES;
				CLANG_WARN_EMPTY_BODY = YES;
				CLANG_WARN_ENUM_CONVERSION = YES;
				CLANG_WARN_INFINITE_RECURSION = YES;
				CLANG_WARN_INT_CONVERSION = YES;
				CLANG_WARN_NON_LITERAL_NULL_CONVERSION = YES;
				CLANG_WARN_OBJC_IMPLICIT_RETAIN_SELF = YES;
				CLANG_WARN_OBJC_LITERAL_CONVERSION = YES;
				CLANG_WARN_OBJC_ROOT_CLASS = YES_ERROR;
				CLANG_WARN_QUOTED_INCLUDE_IN_FRAMEWORK_HEADER = YES;
				CLANG_WARN_RANGE_LOOP_ANALYSIS = YES;
				CLANG_WARN_STRICT_PROTOTYPES = YES;
				CLANG_WARN_SUSPICIOUS_MOVE = YES;
				CLANG_WARN_UNGUARDED_AVAILABILITY = YES_AGGRESSIVE;
				CLANG_WARN_UNREACHABLE_CODE = YES;
				CLANG_WARN__DUPLICATE_METHOD_MATCH = YES;
				COPY_PHASE_STRIP = NO;
				DEBUG_INFORMATION_FORMAT = "dwarf-with-dsym";
				ENABLE_NS_ASSERTIONS = NO;
				ENABLE_STRICT_OBJC_MSGSEND = YES;
				GCC_C_LANGUAGE_STANDARD = gnu11;
				GCC_NO_COMMON_BLOCKS = YES;
				GCC_WARN_64_TO_32_BIT_CONVERSION = YES;
				GCC_WARN_ABOUT_RETURN_TYPE = YES_ERROR;
				GCC_WARN_UNDECLARED_SELECTOR = YES;
				GCC_WARN_UNINITIALIZED_AUTOS = YES_AGGRESSIVE;
				GCC_WARN_UNUSED_FUNCTION = YES;
				GCC_WARN_UNUSED_VARIABLE = YES;
				IPHONEOS_DEPLOYMENT_TARGET = 15.0;
				MTL_ENABLE_DEBUG_INFO = NO;
				MTL_FAST_MATH = YES;
				SDKROOT = iphoneos;
				SWIFT_COMPILATION_MODE = wholemodule;
				SWIFT_OPTIMIZATION_LEVEL = "-O";
				VALIDATE_PRODUCT = YES;
			};
			name = Release;
		};
		1254A49D2772A15B00C358FE /* Debug */ = {
			isa = XCBuildConfiguration;
			buildSettings = {
				ASSETCATALOG_COMPILER_APPICON_NAME = AppIcon;
				ASSETCATALOG_COMPILER_GLOBAL_ACCENT_COLOR_NAME = AccentColor;
				CODE_SIGN_STYLE = Automatic;
				CURRENT_PROJECT_VERSION = 1;
				DEVELOPMENT_ASSET_PATHS = "\"InstagramDemo/Preview Content\"";
				DEVELOPMENT_TEAM = 44YT3B4LXK;
				ENABLE_PREVIEWS = YES;
				GENERATE_INFOPLIST_FILE = YES;
				INFOPLIST_KEY_UIApplicationSceneManifest_Generation = YES;
				INFOPLIST_KEY_UIApplicationSupportsIndirectInputEvents = YES;
				INFOPLIST_KEY_UILaunchScreen_Generation = YES;
				INFOPLIST_KEY_UISupportedInterfaceOrientations_iPad = "UIInterfaceOrientationPortrait UIInterfaceOrientationPortraitUpsideDown UIInterfaceOrientationLandscapeLeft UIInterfaceOrientationLandscapeRight";
				INFOPLIST_KEY_UISupportedInterfaceOrientations_iPhone = "UIInterfaceOrientationPortrait UIInterfaceOrientationLandscapeLeft UIInterfaceOrientationLandscapeRight";
				LD_RUNPATH_SEARCH_PATHS = (
					"$(inherited)",
					"@executable_path/Frameworks",
				);
				MARKETING_VERSION = 1.0;
				PRODUCT_BUNDLE_IDENTIFIER = temilajumoke.InstagramDemo;
				PRODUCT_NAME = "$(TARGET_NAME)";
				SWIFT_EMIT_LOC_STRINGS = YES;
				SWIFT_VERSION = 5.0;
				TARGETED_DEVICE_FAMILY = "1,2";
			};
			name = Debug;
		};
		1254A49E2772A15B00C358FE /* Release */ = {
			isa = XCBuildConfiguration;
			buildSettings = {
				ASSETCATALOG_COMPILER_APPICON_NAME = AppIcon;
				ASSETCATALOG_COMPILER_GLOBAL_ACCENT_COLOR_NAME = AccentColor;
				CODE_SIGN_STYLE = Automatic;
				CURRENT_PROJECT_VERSION = 1;
				DEVELOPMENT_ASSET_PATHS = "\"InstagramDemo/Preview Content\"";
				DEVELOPMENT_TEAM = 44YT3B4LXK;
				ENABLE_PREVIEWS = YES;
				GENERATE_INFOPLIST_FILE = YES;
				INFOPLIST_KEY_UIApplicationSceneManifest_Generation = YES;
				INFOPLIST_KEY_UIApplicationSupportsIndirectInputEvents = YES;
				INFOPLIST_KEY_UILaunchScreen_Generation = YES;
				INFOPLIST_KEY_UISupportedInterfaceOrientations_iPad = "UIInterfaceOrientationPortrait UIInterfaceOrientationPortraitUpsideDown UIInterfaceOrientationLandscapeLeft UIInterfaceOrientationLandscapeRight";
				INFOPLIST_KEY_UISupportedInterfaceOrientations_iPhone = "UIInterfaceOrientationPortrait UIInterfaceOrientationLandscapeLeft UIInterfaceOrientationLandscapeRight";
				LD_RUNPATH_SEARCH_PATHS = (
					"$(inherited)",
					"@executable_path/Frameworks",
				);
				MARKETING_VERSION = 1.0;
				PRODUCT_BUNDLE_IDENTIFIER = temilajumoke.InstagramDemo;
				PRODUCT_NAME = "$(TARGET_NAME)";
				SWIFT_EMIT_LOC_STRINGS = YES;
				SWIFT_VERSION = 5.0;
				TARGETED_DEVICE_FAMILY = "1,2";
			};
			name = Release;
		};
/* End XCBuildConfiguration section */

/* Begin XCConfigurationList section */
		1254A4892772A15800C358FE /* Build configuration list for PBXProject "InstagramDemo" */ = {
			isa = XCConfigurationList;
			buildConfigurations = (
				1254A49A2772A15B00C358FE /* Debug */,
				1254A49B2772A15B00C358FE /* Release */,
			);
			defaultConfigurationIsVisible = 0;
			defaultConfigurationName = Release;
		};
		1254A49C2772A15B00C358FE /* Build configuration list for PBXNativeTarget "InstagramDemo" */ = {
			isa = XCConfigurationList;
			buildConfigurations = (
				1254A49D2772A15B00C358FE /* Debug */,
				1254A49E2772A15B00C358FE /* Release */,
			);
			defaultConfigurationIsVisible = 0;
			defaultConfigurationName = Release;
		};
/* End XCConfigurationList section */
	};
	rootObject = 1254A4862772A15800C358FE /* Project object */;
}
